
Microsoft Visual Studio Solution File, Format Version 12.00
# Visual Studio Version 17
VisualStudioVersion = 17.0.31903.59
MinimumVisualStudioVersion = 10.0.40219.1
Project("{FAE04EC0-301F-11D3-BF4B-00C04F79EFBC}") = "Ex6", "ex6\Ex6.csproj", "{8A5C7391-5603-4E51-A6F5-9C4E12629FDF}"
EndProject
Project("{FAE04EC0-301F-11D3-BF4B-00C04F79EFBC}") = "ex1", "ex1\ex1.csproj", "{437E5CAA-DF7D-4AC9-94FB-F138A7BB1FA3}"
EndProject
Global
	GlobalSection(SolutionConfigurationPlatforms) = preSolution
		Debug|Any CPU = Debug|Any CPU
		Release|Any CPU = Release|Any CPU
	EndGlobalSection
	GlobalSection(SolutionProperties) = preSolution
		HideSolutionNode = FALSE
	EndGlobalSection
	GlobalSection(ProjectConfigurationPlatforms) = postSolution
		{8A5C7391-5603-4E51-A6F5-9C4E12629FDF}.Debug|Any CPU.ActiveCfg = Debug|Any CPU
		{8A5C7391-5603-4E51-A6F5-9C4E12629FDF}.Debug|Any CPU.Build.0 = Debug|Any CPU
		{8A5C7391-5603-4E51-A6F5-9C4E12629FDF}.Release|Any CPU.ActiveCfg = Release|Any CPU
		{8A5C7391-5603-4E51-A6F5-9C4E12629FDF}.Release|Any CPU.Build.0 = Release|Any CPU
		{437E5CAA-DF7D-4AC9-94FB-F138A7BB1FA3}.Debug|Any CPU.ActiveCfg = Debug|Any CPU
		{437E5CAA-DF7D-4AC9-94FB-F138A7BB1FA3}.Debug|Any CPU.Build.0 = Debug|Any CPU
		{437E5CAA-DF7D-4AC9-94FB-F138A7BB1FA3}.Release|Any CPU.ActiveCfg = Release|Any CPU
		{437E5CAA-DF7D-4AC9-94FB-F138A7BB1FA3}.Release|Any CPU.Build.0 = Release|Any CPU
	EndGlobalSection
EndGlobal
